
Microsoft Visual Studio Solution File, Format Version 12.00
# Visual Studio Version 17
VisualStudioVersion = 17.9.34622.214
MinimumVisualStudioVersion = 10.0.40219.1
Project("{FAE04EC0-301F-11D3-BF4B-00C04F79EFBC}") = "To_Do_List", "To_Do_List\To_Do_List.csproj", "{C6F73EEA-1BA0-4C7B-B389-5A67F61F80AD}"
EndProject
Project("{FAE04EC0-301F-11D3-BF4B-00C04F79EFBC}") = "DataAccessLayer", "DataAccessLayer\DataAccessLayer.csproj", "{7939A7D5-BF6F-4896-B88A-51C35EB523A3}"
EndProject
Project("{FAE04EC0-301F-11D3-BF4B-00C04F79EFBC}") = "BusinessLayer", "BusinessLayer\BusinessLayer.csproj", "{4D360EC0-751B-434B-B75D-0CC4F4EB91FE}"
EndProject
Global
	GlobalSection(SolutionConfigurationPlatforms) = preSolution
		Debug|Any CPU = Debug|Any CPU
		Release|Any CPU = Release|Any CPU
	EndGlobalSection
	GlobalSection(ProjectConfigurationPlatforms) = postSolution
		{C6F73EEA-1BA0-4C7B-B389-5A67F61F80AD}.Debug|Any CPU.ActiveCfg = Debug|Any CPU
		{C6F73EEA-1BA0-4C7B-B389-5A67F61F80AD}.Debug|Any CPU.Build.0 = Debug|Any CPU
		{C6F73EEA-1BA0-4C7B-B389-5A67F61F80AD}.Release|Any CPU.ActiveCfg = Release|Any CPU
		{C6F73EEA-1BA0-4C7B-B389-5A67F61F80AD}.Release|Any CPU.Build.0 = Release|Any CPU
		{7939A7D5-BF6F-4896-B88A-51C35EB523A3}.Debug|Any CPU.ActiveCfg = Debug|Any CPU
		{7939A7D5-BF6F-4896-B88A-51C35EB523A3}.Debug|Any CPU.Build.0 = Debug|Any CPU
		{7939A7D5-BF6F-4896-B88A-51C35EB523A3}.Release|Any CPU.ActiveCfg = Release|Any CPU
		{7939A7D5-BF6F-4896-B88A-51C35EB523A3}.Release|Any CPU.Build.0 = Release|Any CPU
		{4D360EC0-751B-434B-B75D-0CC4F4EB91FE}.Debug|Any CPU.ActiveCfg = Debug|Any CPU
		{4D360EC0-751B-434B-B75D-0CC4F4EB91FE}.Debug|Any CPU.Build.0 = Debug|Any CPU
		{4D360EC0-751B-434B-B75D-0CC4F4EB91FE}.Release|Any CPU.ActiveCfg = Release|Any CPU
		{4D360EC0-751B-434B-B75D-0CC4F4EB91FE}.Release|Any CPU.Build.0 = Release|Any CPU
	EndGlobalSection
	GlobalSection(SolutionProperties) = preSolution
		HideSolutionNode = FALSE
	EndGlobalSection
	GlobalSection(ExtensibilityGlobals) = postSolution
		SolutionGuid = {092FB6A7-6377-4A01-AC68-FAE35AC03A51}
	EndGlobalSection
EndGlobal
